
Microsoft Visual Studio Solution File, Format Version 12.00
# Visual Studio Version 17
VisualStudioVersion = 17.3.32929.385
MinimumVisualStudioVersion = 10.0.40219.1
Project("{FAE04EC0-301F-11D3-BF4B-00C04F79EFBC}") = "DayanShop", "DayanShop\DayanShop.csproj", "{19A07E94-C4B0-47A6-9EE6-6E69E34DEC44}"
EndProject
Project("{FAE04EC0-301F-11D3-BF4B-00C04F79EFBC}") = "DayanShop.Core", "DayanShop.Core\DayanShop.Core.csproj", "{8F82EFBD-08F4-4E09-ADB9-A662265F1060}"
EndProject
Project("{FAE04EC0-301F-11D3-BF4B-00C04F79EFBC}") = "DayanShop.Application", "DayanShop.Application\DayanShop.Application.csproj", "{3B381B63-8BF5-4827-9C6F-3CF31E5C815A}"
EndProject
Project("{FAE04EC0-301F-11D3-BF4B-00C04F79EFBC}") = "DayanShop.Utilities", "DayanShop.Utilities\DayanShop.Utilities.csproj", "{73428DEB-DDAD-434A-B9B6-F9520E3E5D07}"
EndProject
Project("{FAE04EC0-301F-11D3-BF4B-00C04F79EFBC}") = "DayanShop.Domains", "DayanShop.Domains\DayanShop.Domains.csproj", "{E9541EDE-EA42-4356-BAAB-ADB6872124F2}"
EndProject
Global
	GlobalSection(SolutionConfigurationPlatforms) = preSolution
		Debug|Any CPU = Debug|Any CPU
		Release|Any CPU = Release|Any CPU
	EndGlobalSection
	GlobalSection(ProjectConfigurationPlatforms) = postSolution
		{19A07E94-C4B0-47A6-9EE6-6E69E34DEC44}.Debug|Any CPU.ActiveCfg = Debug|Any CPU
		{19A07E94-C4B0-47A6-9EE6-6E69E34DEC44}.Debug|Any CPU.Build.0 = Debug|Any CPU
		{19A07E94-C4B0-47A6-9EE6-6E69E34DEC44}.Release|Any CPU.ActiveCfg = Release|Any CPU
		{19A07E94-C4B0-47A6-9EE6-6E69E34DEC44}.Release|Any CPU.Build.0 = Release|Any CPU
		{8F82EFBD-08F4-4E09-ADB9-A662265F1060}.Debug|Any CPU.ActiveCfg = Debug|Any CPU
		{8F82EFBD-08F4-4E09-ADB9-A662265F1060}.Debug|Any CPU.Build.0 = Debug|Any CPU
		{8F82EFBD-08F4-4E09-ADB9-A662265F1060}.Release|Any CPU.ActiveCfg = Release|Any CPU
		{8F82EFBD-08F4-4E09-ADB9-A662265F1060}.Release|Any CPU.Build.0 = Release|Any CPU
		{3B381B63-8BF5-4827-9C6F-3CF31E5C815A}.Debug|Any CPU.ActiveCfg = Debug|Any CPU
		{3B381B63-8BF5-4827-9C6F-3CF31E5C815A}.Debug|Any CPU.Build.0 = Debug|Any CPU
		{3B381B63-8BF5-4827-9C6F-3CF31E5C815A}.Release|Any CPU.ActiveCfg = Release|Any CPU
		{3B381B63-8BF5-4827-9C6F-3CF31E5C815A}.Release|Any CPU.Build.0 = Release|Any CPU
		{73428DEB-DDAD-434A-B9B6-F9520E3E5D07}.Debug|Any CPU.ActiveCfg = Debug|Any CPU
		{73428DEB-DDAD-434A-B9B6-F9520E3E5D07}.Debug|Any CPU.Build.0 = Debug|Any CPU
		{73428DEB-DDAD-434A-B9B6-F9520E3E5D07}.Release|Any CPU.ActiveCfg = Release|Any CPU
		{73428DEB-DDAD-434A-B9B6-F9520E3E5D07}.Release|Any CPU.Build.0 = Release|Any CPU
		{E9541EDE-EA42-4356-BAAB-ADB6872124F2}.Debug|Any CPU.ActiveCfg = Debug|Any CPU
		{E9541EDE-EA42-4356-BAAB-ADB6872124F2}.Debug|Any CPU.Build.0 = Debug|Any CPU
		{E9541EDE-EA42-4356-BAAB-ADB6872124F2}.Release|Any CPU.ActiveCfg = Release|Any CPU
		{E9541EDE-EA42-4356-BAAB-ADB6872124F2}.Release|Any CPU.Build.0 = Release|Any CPU
	EndGlobalSection
	GlobalSection(SolutionProperties) = preSolution
		HideSolutionNode = FALSE
	EndGlobalSection
	GlobalSection(ExtensibilityGlobals) = postSolution
		SolutionGuid = {4182C7C4-04B7-49E8-A65E-4CB5B18C55C4}
	EndGlobalSection
EndGlobal
